
Microsoft Visual Studio Solution File, Format Version 12.00
# Visual Studio Version 17
VisualStudioVersion = 17.1.32319.34
MinimumVisualStudioVersion = 10.0.40219.1
Project("{9A19103F-16F7-4668-BE54-9A1E7A4F7556}") = "SnowStorm.Extensions", "src\SnowStorm.Extensions\SnowStorm.Extensions.csproj", "{30372121-04A1-4AAD-9973-F6539CF4E2A4}"
EndProject
Project("{2150E333-8FDC-42A3-9474-1A3956D46DE8}") = "Solution Files", "Solution Files", "{1275FECA-5540-478F-8A05-82ACD93AF8C3}"
EndProject
Project("{FAE04EC0-301F-11D3-BF4B-00C04F79EFBC}") = "SnowStorm.Extensions.Tests", "src\SnowStorm.Extensions.Tests\SnowStorm.Extensions.Tests.csproj", "{BBC5B232-B58D-4BDD-857E-F08FFE35E80C}"
EndProject
Global
	GlobalSection(SolutionConfigurationPlatforms) = preSolution
		Debug|Any CPU = Debug|Any CPU
		Release|Any CPU = Release|Any CPU
	EndGlobalSection
	GlobalSection(ProjectConfigurationPlatforms) = postSolution
		{30372121-04A1-4AAD-9973-F6539CF4E2A4}.Debug|Any CPU.ActiveCfg = Debug|Any CPU
		{30372121-04A1-4AAD-9973-F6539CF4E2A4}.Debug|Any CPU.Build.0 = Debug|Any CPU
		{30372121-04A1-4AAD-9973-F6539CF4E2A4}.Release|Any CPU.ActiveCfg = Release|Any CPU
		{30372121-04A1-4AAD-9973-F6539CF4E2A4}.Release|Any CPU.Build.0 = Release|Any CPU
		{BBC5B232-B58D-4BDD-857E-F08FFE35E80C}.Debug|Any CPU.ActiveCfg = Debug|Any CPU
		{BBC5B232-B58D-4BDD-857E-F08FFE35E80C}.Debug|Any CPU.Build.0 = Debug|Any CPU
		{BBC5B232-B58D-4BDD-857E-F08FFE35E80C}.Release|Any CPU.ActiveCfg = Release|Any CPU
		{BBC5B232-B58D-4BDD-857E-F08FFE35E80C}.Release|Any CPU.Build.0 = Release|Any CPU
	EndGlobalSection
	GlobalSection(SolutionProperties) = preSolution
		HideSolutionNode = FALSE
	EndGlobalSection
	GlobalSection(ExtensibilityGlobals) = postSolution
		SolutionGuid = {94F5B9BE-DF23-4B42-AFE9-12D359291D15}
	EndGlobalSection
EndGlobal
